
Microsoft Visual Studio Solution File, Format Version 12.00
# Visual Studio Version 17
VisualStudioVersion = 17.0.31912.275
MinimumVisualStudioVersion = 10.0.40219.1
Project("{9A19103F-16F7-4668-BE54-9A1E7A4F7556}") = "StreamDeckAwake", "StreamDeckAwake\StreamDeckAwake.csproj", "{1C3B5270-F730-4F61-A969-C8B4F9C5513A}"
EndProject
Global
	GlobalSection(SolutionConfigurationPlatforms) = preSolution
		Debug|Any CPU = Debug|Any CPU
		Release|Any CPU = Release|Any CPU
	EndGlobalSection
	GlobalSection(ProjectConfigurationPlatforms) = postSolution
		{1C3B5270-F730-4F61-A969-C8B4F9C5513A}.Debug|Any CPU.ActiveCfg = Debug|Any CPU
		{1C3B5270-F730-4F61-A969-C8B4F9C5513A}.Debug|Any CPU.Build.0 = Debug|Any CPU
		{1C3B5270-F730-4F61-A969-C8B4F9C5513A}.Release|Any CPU.ActiveCfg = Release|Any CPU
		{1C3B5270-F730-4F61-A969-C8B4F9C5513A}.Release|Any CPU.Build.0 = Release|Any CPU
	EndGlobalSection
	GlobalSection(SolutionProperties) = preSolution
		HideSolutionNode = FALSE
	EndGlobalSection
	GlobalSection(ExtensibilityGlobals) = postSolution
		SolutionGuid = {DF67035D-0DFD-4243-9808-732001DB5209}
	EndGlobalSection
EndGlobal
